
Microsoft Visual Studio Solution File, Format Version 12.00
# Visual Studio 14
VisualStudioVersion = 14.0.24720.0
MinimumVisualStudioVersion = 10.0.40219.1
Project("{FAE04EC0-301F-11D3-BF4B-00C04F79EFBC}") = "Week16ExamPrep", "Week16ExamPrep\Week16ExamPrep.csproj", "{AF1098F6-9888-46CF-A49A-6E61561E843E}"
EndProject
Global
	GlobalSection(SolutionConfigurationPlatforms) = preSolution
		Debug|Any CPU = Debug|Any CPU
		Release|Any CPU = Release|Any CPU
	EndGlobalSection
	GlobalSection(ProjectConfigurationPlatforms) = postSolution
		{AF1098F6-9888-46CF-A49A-6E61561E843E}.Debug|Any CPU.ActiveCfg = Debug|Any CPU
		{AF1098F6-9888-46CF-A49A-6E61561E843E}.Debug|Any CPU.Build.0 = Debug|Any CPU
		{AF1098F6-9888-46CF-A49A-6E61561E843E}.Release|Any CPU.ActiveCfg = Release|Any CPU
		{AF1098F6-9888-46CF-A49A-6E61561E843E}.Release|Any CPU.Build.0 = Release|Any CPU
	EndGlobalSection
	GlobalSection(SolutionProperties) = preSolution
		HideSolutionNode = FALSE
	EndGlobalSection
EndGlobal
